
Microsoft Visual Studio Solution File, Format Version 12.00
# Visual Studio 15
VisualStudioVersion = 15.0.26730.16
MinimumVisualStudioVersion = 10.0.40219.1
Project("{FAE04EC0-301F-11D3-BF4B-00C04F79EFBC}") = "WpfApp1", "WpfApp1\WpfApp1.csproj", "{7BCF27CF-90EC-4015-97FE-DF3E2E4D3545}"
EndProject
Global
	GlobalSection(SolutionConfigurationPlatforms) = preSolution
		Debug|Any CPU = Debug|Any CPU
		Release|Any CPU = Release|Any CPU
	EndGlobalSection
	GlobalSection(ProjectConfigurationPlatforms) = postSolution
		{7BCF27CF-90EC-4015-97FE-DF3E2E4D3545}.Debug|Any CPU.ActiveCfg = Debug|Any CPU
		{7BCF27CF-90EC-4015-97FE-DF3E2E4D3545}.Debug|Any CPU.Build.0 = Debug|Any CPU
		{7BCF27CF-90EC-4015-97FE-DF3E2E4D3545}.Release|Any CPU.ActiveCfg = Release|Any CPU
		{7BCF27CF-90EC-4015-97FE-DF3E2E4D3545}.Release|Any CPU.Build.0 = Release|Any CPU
	EndGlobalSection
	GlobalSection(SolutionProperties) = preSolution
		HideSolutionNode = FALSE
	EndGlobalSection
	GlobalSection(ExtensibilityGlobals) = postSolution
		SolutionGuid = {B2523461-FF37-4BB6-AECE-B9F3C7122020}
	EndGlobalSection
EndGlobal
